// !$*UTF8*$!
{
	archiveVersion = 1;
	classes = {
	};
	objectVersion = 55;
	objects = {

/* Begin PBXBuildFile section */
		3774FC702788236F000F8AEB /* AppDelegate.swift in Sources */ = {isa = PBXBuildFile; fileRef = 3774FC6F2788236F000F8AEB /* AppDelegate.swift */; };
		3774FC722788236F000F8AEB /* SceneDelegate.swift in Sources */ = {isa = PBXBuildFile; fileRef = 3774FC712788236F000F8AEB /* SceneDelegate.swift */; };
		3774FC742788236F000F8AEB /* BaseVC.swift in Sources */ = {isa = PBXBuildFile; fileRef = 3774FC732788236F000F8AEB /* BaseVC.swift */; };
		3774FC772788236F000F8AEB /* Main.storyboard in Resources */ = {isa = PBXBuildFile; fileRef = 3774FC752788236F000F8AEB /* Main.storyboard */; };
		3774FC792788236F000F8AEB /* Assets.xcassets in Resources */ = {isa = PBXBuildFile; fileRef = 3774FC782788236F000F8AEB /* Assets.xcassets */; };
		3774FC7C2788236F000F8AEB /* LaunchScreen.storyboard in Resources */ = {isa = PBXBuildFile; fileRef = 3774FC7A2788236F000F8AEB /* LaunchScreen.storyboard */; };
		3774FC8E278825D3000F8AEB /* AuthVC.storyboard in Resources */ = {isa = PBXBuildFile; fileRef = 3774FC8D278825D3000F8AEB /* AuthVC.storyboard */; };
		3774FC9327882645000F8AEB /* JTButton.swift in Sources */ = {isa = PBXBuildFile; fileRef = 3774FC9227882645000F8AEB /* JTButton.swift */; };
		3774FC9627882677000F8AEB /* Color.swift in Sources */ = {isa = PBXBuildFile; fileRef = 3774FC9527882677000F8AEB /* Color.swift */; };
		3774FC99278826A0000F8AEB /* Font.swift in Sources */ = {isa = PBXBuildFile; fileRef = 3774FC98278826A0000F8AEB /* Font.swift */; };
		3774FC9D27882753000F8AEB /* UIView+Extension.swift in Sources */ = {isa = PBXBuildFile; fileRef = 3774FC9C27882753000F8AEB /* UIView+Extension.swift */; };
		3774FCA0278828DD000F8AEB /* JTTextField.swift in Sources */ = {isa = PBXBuildFile; fileRef = 3774FC9F278828DD000F8AEB /* JTTextField.swift */; };
		3774FCA3278829C6000F8AEB /* AuthCoordinator.swift in Sources */ = {isa = PBXBuildFile; fileRef = 3774FCA2278829C6000F8AEB /* AuthCoordinator.swift */; };
		3774FCA527882A43000F8AEB /* AuthFactory.swift in Sources */ = {isa = PBXBuildFile; fileRef = 3774FCA427882A43000F8AEB /* AuthFactory.swift */; };
		3774FCA827882A75000F8AEB /* AuthVC.swift in Sources */ = {isa = PBXBuildFile; fileRef = 3774FCA727882A75000F8AEB /* AuthVC.swift */; };
		3774FCAB27882A9D000F8AEB /* UIViewController+Extension.swift in Sources */ = {isa = PBXBuildFile; fileRef = 3774FCAA27882A9D000F8AEB /* UIViewController+Extension.swift */; };
		3774FCAE27882BD3000F8AEB /* Coordinator.swift in Sources */ = {isa = PBXBuildFile; fileRef = 3774FCAD27882BD3000F8AEB /* Coordinator.swift */; };
		3774FCB227887E55000F8AEB /* AuthVCView.swift in Sources */ = {isa = PBXBuildFile; fileRef = 3774FCB127887E55000F8AEB /* AuthVCView.swift */; };
		3774FCB527887F16000F8AEB /* Constants.swift in Sources */ = {isa = PBXBuildFile; fileRef = 3774FCB427887F16000F8AEB /* Constants.swift */; };
		3774FCB82788826B000F8AEB /* AuthPresenter.swift in Sources */ = {isa = PBXBuildFile; fileRef = 3774FCB72788826B000F8AEB /* AuthPresenter.swift */; };
		3774FCBB27888328000F8AEB /* ViewPresentable.swift in Sources */ = {isa = PBXBuildFile; fileRef = 3774FCBA27888328000F8AEB /* ViewPresentable.swift */; };
		3774FCBE278885D3000F8AEB /* String+Extension.swift in Sources */ = {isa = PBXBuildFile; fileRef = 3774FCBD278885D3000F8AEB /* String+Extension.swift */; };
		3774FCC227888831000F8AEB /* Network.swift in Sources */ = {isa = PBXBuildFile; fileRef = 3774FCC127888831000F8AEB /* Network.swift */; };
		3774FCC527888844000F8AEB /* NetworkRequest.swift in Sources */ = {isa = PBXBuildFile; fileRef = 3774FCC427888844000F8AEB /* NetworkRequest.swift */; };
		3774FCCA27888929000F8AEB /* NetworkResponse.swift in Sources */ = {isa = PBXBuildFile; fileRef = 3774FCC927888929000F8AEB /* NetworkResponse.swift */; };
		3774FCCD27888B63000F8AEB /* Dependency.swift in Sources */ = {isa = PBXBuildFile; fileRef = 3774FCCC27888B63000F8AEB /* Dependency.swift */; };
		3774FCD127888BD8000F8AEB /* AuthService.swift in Sources */ = {isa = PBXBuildFile; fileRef = 3774FCD027888BD8000F8AEB /* AuthService.swift */; };
		3774FCD427888C0E000F8AEB /* LogIn.swift in Sources */ = {isa = PBXBuildFile; fileRef = 3774FCD327888C0E000F8AEB /* LogIn.swift */; };
		3774FCD627888C3B000F8AEB /* SignUp.swift in Sources */ = {isa = PBXBuildFile; fileRef = 3774FCD527888C3B000F8AEB /* SignUp.swift */; };
		3774FCD827888C78000F8AEB /* Codable+Extension.swift in Sources */ = {isa = PBXBuildFile; fileRef = 3774FCD727888C78000F8AEB /* Codable+Extension.swift */; };
		3774FCDA27888E14000F8AEB /* AuthResponse.swift in Sources */ = {isa = PBXBuildFile; fileRef = 3774FCD927888E14000F8AEB /* AuthResponse.swift */; };
/* End PBXBuildFile section */

/* Begin PBXFileReference section */
		3774FC6C2788236F000F8AEB /* Jat111.app */ = {isa = PBXFileReference; explicitFileType = wrapper.application; includeInIndex = 0; path = Jat111.app; sourceTree = BUILT_PRODUCTS_DIR; };
		3774FC6F2788236F000F8AEB /* AppDelegate.swift */ = {isa = PBXFileReference; lastKnownFileType = sourcecode.swift; path = AppDelegate.swift; sourceTree = "<group>"; };
		3774FC712788236F000F8AEB /* SceneDelegate.swift */ = {isa = PBXFileReference; lastKnownFileType = sourcecode.swift; path = SceneDelegate.swift; sourceTree = "<group>"; };
		3774FC732788236F000F8AEB /* BaseVC.swift */ = {isa = PBXFileReference; lastKnownFileType = sourcecode.swift; path = BaseVC.swift; sourceTree = "<group>"; };
		3774FC762788236F000F8AEB /* Base */ = {isa = PBXFileReference; lastKnownFileType = file.storyboard; name = Base; path = Base.lproj/Main.storyboard; sourceTree = "<group>"; };
		3774FC782788236F000F8AEB /* Assets.xcassets */ = {isa = PBXFileReference; lastKnownFileType = folder.assetcatalog; path = Assets.xcassets; sourceTree = "<group>"; };
		3774FC7B2788236F000F8AEB /* Base */ = {isa = PBXFileReference; lastKnownFileType = file.storyboard; name = Base; path = Base.lproj/LaunchScreen.storyboard; sourceTree = "<group>"; };
		3774FC7D2788236F000F8AEB /* Info.plist */ = {isa = PBXFileReference; lastKnownFileType = text.plist.xml; path = Info.plist; sourceTree = "<group>"; };
		3774FC8D278825D3000F8AEB /* AuthVC.storyboard */ = {isa = PBXFileReference; lastKnownFileType = file.storyboard; path = AuthVC.storyboard; sourceTree = "<group>"; };
		3774FC9227882645000F8AEB /* JTButton.swift */ = {isa = PBXFileReference; lastKnownFileType = sourcecode.swift; path = JTButton.swift; sourceTree = "<group>"; };
		3774FC9527882677000F8AEB /* Color.swift */ = {isa = PBXFileReference; lastKnownFileType = sourcecode.swift; path = Color.swift; sourceTree = "<group>"; };
		3774FC98278826A0000F8AEB /* Font.swift */ = {isa = PBXFileReference; lastKnownFileType = sourcecode.swift; path = Font.swift; sourceTree = "<group>"; };
		3774FC9C27882753000F8AEB /* UIView+Extension.swift */ = {isa = PBXFileReference; lastKnownFileType = sourcecode.swift; path = "UIView+Extension.swift"; sourceTree = "<group>"; };
		3774FC9F278828DD000F8AEB /* JTTextField.swift */ = {isa = PBXFileReference; lastKnownFileType = sourcecode.swift; path = JTTextField.swift; sourceTree = "<group>"; };
		3774FCA2278829C6000F8AEB /* AuthCoordinator.swift */ = {isa = PBXFileReference; lastKnownFileType = sourcecode.swift; path = AuthCoordinator.swift; sourceTree = "<group>"; };
		3774FCA427882A43000F8AEB /* AuthFactory.swift */ = {isa = PBXFileReference; lastKnownFileType = sourcecode.swift; path = AuthFactory.swift; sourceTree = "<group>"; };
		3774FCA727882A75000F8AEB /* AuthVC.swift */ = {isa = PBXFileReference; lastKnownFileType = sourcecode.swift; path = AuthVC.swift; sourceTree = "<group>"; };
		3774FCAA27882A9D000F8AEB /* UIViewController+Extension.swift */ = {isa = PBXFileReference; lastKnownFileType = sourcecode.swift; path = "UIViewController+Extension.swift"; sourceTree = "<group>"; };
		3774FCAD27882BD3000F8AEB /* Coordinator.swift */ = {isa = PBXFileReference; lastKnownFileType = sourcecode.swift; path = Coordinator.swift; sourceTree = "<group>"; };
		3774FCB127887E55000F8AEB /* AuthVCView.swift */ = {isa = PBXFileReference; lastKnownFileType = sourcecode.swift; path = AuthVCView.swift; sourceTree = "<group>"; };
		3774FCB427887F16000F8AEB /* Constants.swift */ = {isa = PBXFileReference; lastKnownFileType = sourcecode.swift; path = Constants.swift; sourceTree = "<group>"; };
		3774FCB72788826B000F8AEB /* AuthPresenter.swift */ = {isa = PBXFileReference; lastKnownFileType = sourcecode.swift; path = AuthPresenter.swift; sourceTree = "<group>"; };
		3774FCBA27888328000F8AEB /* ViewPresentable.swift */ = {isa = PBXFileReference; lastKnownFileType = sourcecode.swift; path = ViewPresentable.swift; sourceTree = "<group>"; };
		3774FCBD278885D3000F8AEB /* String+Extension.swift */ = {isa = PBXFileReference; lastKnownFileType = sourcecode.swift; path = "String+Extension.swift"; sourceTree = "<group>"; };
		3774FCC127888831000F8AEB /* Network.swift */ = {isa = PBXFileReference; lastKnownFileType = sourcecode.swift; path = Network.swift; sourceTree = "<group>"; };
		3774FCC427888844000F8AEB /* NetworkRequest.swift */ = {isa = PBXFileReference; lastKnownFileType = sourcecode.swift; path = NetworkRequest.swift; sourceTree = "<group>"; };
		3774FCC927888929000F8AEB /* NetworkResponse.swift */ = {isa = PBXFileReference; lastKnownFileType = sourcecode.swift; path = NetworkResponse.swift; sourceTree = "<group>"; };
		3774FCCC27888B63000F8AEB /* Dependency.swift */ = {isa = PBXFileReference; lastKnownFileType = sourcecode.swift; path = Dependency.swift; sourceTree = "<group>"; };
		3774FCD027888BD8000F8AEB /* AuthService.swift */ = {isa = PBXFileReference; lastKnownFileType = sourcecode.swift; path = AuthService.swift; sourceTree = "<group>"; };
		3774FCD327888C0E000F8AEB /* LogIn.swift */ = {isa = PBXFileReference; lastKnownFileType = sourcecode.swift; path = LogIn.swift; sourceTree = "<group>"; };
		3774FCD527888C3B000F8AEB /* SignUp.swift */ = {isa = PBXFileReference; lastKnownFileType = sourcecode.swift; path = SignUp.swift; sourceTree = "<group>"; };
		3774FCD727888C78000F8AEB /* Codable+Extension.swift */ = {isa = PBXFileReference; lastKnownFileType = sourcecode.swift; path = "Codable+Extension.swift"; sourceTree = "<group>"; };
		3774FCD927888E14000F8AEB /* AuthResponse.swift */ = {isa = PBXFileReference; lastKnownFileType = sourcecode.swift; path = AuthResponse.swift; sourceTree = "<group>"; };
/* End PBXFileReference section */

/* Begin PBXFrameworksBuildPhase section */
		3774FC692788236F000F8AEB /* Frameworks */ = {
			isa = PBXFrameworksBuildPhase;
			buildActionMask = 2147483647;
			files = (
			);
			runOnlyForDeploymentPostprocessing = 0;
		};
/* End PBXFrameworksBuildPhase section */

/* Begin PBXGroup section */
		3774FC632788236F000F8AEB = {
			isa = PBXGroup;
			children = (
				3774FC6E2788236F000F8AEB /* Jat111 */,
				3774FC6D2788236F000F8AEB /* Products */,
			);
			sourceTree = "<group>";
		};
		3774FC6D2788236F000F8AEB /* Products */ = {
			isa = PBXGroup;
			children = (
				3774FC6C2788236F000F8AEB /* Jat111.app */,
			);
			name = Products;
			sourceTree = "<group>";
		};
		3774FC6E2788236F000F8AEB /* Jat111 */ = {
			isa = PBXGroup;
			children = (
				3774FCBF27888827000F8AEB /* Core */,
				3774FC9A27882744000F8AEB /* Extensions */,
				3774FC89278825A7000F8AEB /* UI */,
				3774FC87278823D1000F8AEB /* Resources */,
				3774FC8327882397000F8AEB /* App */,
			);
			path = Jat111;
			sourceTree = "<group>";
		};
		3774FC8327882397000F8AEB /* App */ = {
			isa = PBXGroup;
			children = (
				3774FC88278823DE000F8AEB /* LaunchScreen */,
				3774FC842788239D000F8AEB /* BaseVC */,
				3774FC6F2788236F000F8AEB /* AppDelegate.swift */,
				3774FC712788236F000F8AEB /* SceneDelegate.swift */,
			);
			path = App;
			sourceTree = "<group>";
		};
		3774FC842788239D000F8AEB /* BaseVC */ = {
			isa = PBXGroup;
			children = (
				3774FC86278823AF000F8AEB /* Controller */,
				3774FC85278823A2000F8AEB /* Storyboard */,
			);
			path = BaseVC;
			sourceTree = "<group>";
		};
		3774FC85278823A2000F8AEB /* Storyboard */ = {
			isa = PBXGroup;
			children = (
				3774FC752788236F000F8AEB /* Main.storyboard */,
			);
			path = Storyboard;
			sourceTree = "<group>";
		};
		3774FC86278823AF000F8AEB /* Controller */ = {
			isa = PBXGroup;
			children = (
				3774FC732788236F000F8AEB /* BaseVC.swift */,
			);
			path = Controller;
			sourceTree = "<group>";
		};
		3774FC87278823D1000F8AEB /* Resources */ = {
			isa = PBXGroup;
			children = (
				3774FCB327887F0D000F8AEB /* Constants */,
				3774FC972788269C000F8AEB /* Font */,
				3774FC9427882672000F8AEB /* Color */,
				3774FC7D2788236F000F8AEB /* Info.plist */,
				3774FC782788236F000F8AEB /* Assets.xcassets */,
			);
			path = Resources;
			sourceTree = "<group>";
		};
		3774FC88278823DE000F8AEB /* LaunchScreen */ = {
			isa = PBXGroup;
			children = (
				3774FC7A2788236F000F8AEB /* LaunchScreen.storyboard */,
			);
			path = LaunchScreen;
			sourceTree = "<group>";
		};
		3774FC89278825A7000F8AEB /* UI */ = {
			isa = PBXGroup;
			children = (
				3774FCB927888313000F8AEB /* Presenter */,
				3774FCAC27882BC8000F8AEB /* Coordinator */,
				3774FC9027882619000F8AEB /* Modules */,
				3774FC8F27882614000F8AEB /* Components */,
			);
			path = UI;
			sourceTree = "<group>";
		};
		3774FC8A278825AA000F8AEB /* Auth */ = {
			isa = PBXGroup;
			children = (
				3774FCA1278829BB000F8AEB /* Coordinator */,
				3774FC8B278825AC000F8AEB /* AuthVC */,
			);
			path = Auth;
			sourceTree = "<group>";
		};
		3774FC8B278825AC000F8AEB /* AuthVC */ = {
			isa = PBXGroup;
			children = (
				3774FCB627888262000F8AEB /* Presenter */,
				3774FCB027883171000F8AEB /* View */,
				3774FCA627882A67000F8AEB /* Controller */,
				3774FC8C278825B5000F8AEB /* Storyboards */,
			);
			path = AuthVC;
			sourceTree = "<group>";
		};
		3774FC8C278825B5000F8AEB /* Storyboards */ = {
			isa = PBXGroup;
			children = (
				3774FC8D278825D3000F8AEB /* AuthVC.storyboard */,
			);
			path = Storyboards;
			sourceTree = "<group>";
		};
		3774FC8F27882614000F8AEB /* Components */ = {
			isa = PBXGroup;
			children = (
				3774FC9E278828C8000F8AEB /* TextField */,
				3774FC9127882636000F8AEB /* Button */,
			);
			path = Components;
			sourceTree = "<group>";
		};
		3774FC9027882619000F8AEB /* Modules */ = {
			isa = PBXGroup;
			children = (
				3774FC8A278825AA000F8AEB /* Auth */,
			);
			path = Modules;
			sourceTree = "<group>";
		};
		3774FC9127882636000F8AEB /* Button */ = {
			isa = PBXGroup;
			children = (
				3774FC9227882645000F8AEB /* JTButton.swift */,
			);
			path = Button;
			sourceTree = "<group>";
		};
		3774FC9427882672000F8AEB /* Color */ = {
			isa = PBXGroup;
			children = (
				3774FC9527882677000F8AEB /* Color.swift */,
			);
			path = Color;
			sourceTree = "<group>";
		};
		3774FC972788269C000F8AEB /* Font */ = {
			isa = PBXGroup;
			children = (
				3774FC98278826A0000F8AEB /* Font.swift */,
			);
			path = Font;
			sourceTree = "<group>";
		};
		3774FC9A27882744000F8AEB /* Extensions */ = {
			isa = PBXGroup;
			children = (
				3774FCBC278885CB000F8AEB /* Foundation */,
				3774FC9B2788274B000F8AEB /* UIKit */,
			);
			path = Extensions;
			sourceTree = "<group>";
		};
		3774FC9B2788274B000F8AEB /* UIKit */ = {
			isa = PBXGroup;
			children = (
				3774FC9C27882753000F8AEB /* UIView+Extension.swift */,
				3774FCAA27882A9D000F8AEB /* UIViewController+Extension.swift */,
			);
			path = UIKit;
			sourceTree = "<group>";
		};
		3774FC9E278828C8000F8AEB /* TextField */ = {
			isa = PBXGroup;
			children = (
				3774FC9F278828DD000F8AEB /* JTTextField.swift */,
			);
			path = TextField;
			sourceTree = "<group>";
		};
		3774FCA1278829BB000F8AEB /* Coordinator */ = {
			isa = PBXGroup;
			children = (
				3774FCA2278829C6000F8AEB /* AuthCoordinator.swift */,
				3774FCA427882A43000F8AEB /* AuthFactory.swift */,
			);
			path = Coordinator;
			sourceTree = "<group>";
		};
		3774FCA627882A67000F8AEB /* Controller */ = {
			isa = PBXGroup;
			children = (
				3774FCA727882A75000F8AEB /* AuthVC.swift */,
			);
			path = Controller;
			sourceTree = "<group>";
		};
		3774FCAC27882BC8000F8AEB /* Coordinator */ = {
			isa = PBXGroup;
			children = (
				3774FCAD27882BD3000F8AEB /* Coordinator.swift */,
			);
			path = Coordinator;
			sourceTree = "<group>";
		};
		3774FCB027883171000F8AEB /* View */ = {
			isa = PBXGroup;
			children = (
				3774FCB127887E55000F8AEB /* AuthVCView.swift */,
			);
			path = View;
			sourceTree = "<group>";
		};
		3774FCB327887F0D000F8AEB /* Constants */ = {
			isa = PBXGroup;
			children = (
				3774FCB427887F16000F8AEB /* Constants.swift */,
			);
			path = Constants;
			sourceTree = "<group>";
		};
		3774FCB627888262000F8AEB /* Presenter */ = {
			isa = PBXGroup;
			children = (
				3774FCB72788826B000F8AEB /* AuthPresenter.swift */,
			);
			path = Presenter;
			sourceTree = "<group>";
		};
		3774FCB927888313000F8AEB /* Presenter */ = {
			isa = PBXGroup;
			children = (
				3774FCBA27888328000F8AEB /* ViewPresentable.swift */,
			);
			path = Presenter;
			sourceTree = "<group>";
		};
		3774FCBC278885CB000F8AEB /* Foundation */ = {
			isa = PBXGroup;
			children = (
				3774FCBD278885D3000F8AEB /* String+Extension.swift */,
				3774FCD727888C78000F8AEB /* Codable+Extension.swift */,
			);
			path = Foundation;
			sourceTree = "<group>";
		};
		3774FCBF27888827000F8AEB /* Core */ = {
			isa = PBXGroup;
			children = (
				3774FCCE27888BCE000F8AEB /* Services */,
				3774FCCB27888B5D000F8AEB /* Dependency */,
				3774FCC027888829000F8AEB /* Networking */,
			);
			path = Core;
			sourceTree = "<group>";
		};
		3774FCC027888829000F8AEB /* Networking */ = {
			isa = PBXGroup;
			children = (
				3774FCC32788883D000F8AEB /* Model */,
				3774FCC127888831000F8AEB /* Network.swift */,
			);
			path = Networking;
			sourceTree = "<group>";
		};
		3774FCC32788883D000F8AEB /* Model */ = {
			isa = PBXGroup;
			children = (
				3774FCC427888844000F8AEB /* NetworkRequest.swift */,
				3774FCC927888929000F8AEB /* NetworkResponse.swift */,
			);
			path = Model;
			sourceTree = "<group>";
		};
		3774FCCB27888B5D000F8AEB /* Dependency */ = {
			isa = PBXGroup;
			children = (
				3774FCCC27888B63000F8AEB /* Dependency.swift */,
			);
			path = Dependency;
			sourceTree = "<group>";
		};
		3774FCCE27888BCE000F8AEB /* Services */ = {
			isa = PBXGroup;
			children = (
				3774FCCF27888BD3000F8AEB /* Auth */,
			);
			path = Services;
			sourceTree = "<group>";
		};
		3774FCCF27888BD3000F8AEB /* Auth */ = {
			isa = PBXGroup;
			children = (
				3774FCD227888C09000F8AEB /* Model */,
				3774FCD027888BD8000F8AEB /* AuthService.swift */,
			);
			path = Auth;
			sourceTree = "<group>";
		};
		3774FCD227888C09000F8AEB /* Model */ = {
			isa = PBXGroup;
			children = (
				3774FCD327888C0E000F8AEB /* LogIn.swift */,
				3774FCD527888C3B000F8AEB /* SignUp.swift */,
				3774FCD927888E14000F8AEB /* AuthResponse.swift */,
			);
			path = Model;
			sourceTree = "<group>";
		};
/* End PBXGroup section */

/* Begin PBXNativeTarget section */
		3774FC6B2788236F000F8AEB /* Jat111 */ = {
			isa = PBXNativeTarget;
			buildConfigurationList = 3774FC802788236F000F8AEB /* Build configuration list for PBXNativeTarget "Jat111" */;
			buildPhases = (
				3774FC682788236F000F8AEB /* Sources */,
				3774FC692788236F000F8AEB /* Frameworks */,
				3774FC6A2788236F000F8AEB /* Resources */,
			);
			buildRules = (
			);
			dependencies = (
			);
			name = Jat111;
			productName = Jat111;
			productReference = 3774FC6C2788236F000F8AEB /* Jat111.app */;
			productType = "com.apple.product-type.application";
		};
/* End PBXNativeTarget section */

/* Begin PBXProject section */
		3774FC642788236F000F8AEB /* Project object */ = {
			isa = PBXProject;
			attributes = {
				BuildIndependentTargetsInParallel = 1;
				LastSwiftUpdateCheck = 1320;
				LastUpgradeCheck = 1320;
				TargetAttributes = {
					3774FC6B2788236F000F8AEB = {
						CreatedOnToolsVersion = 13.2.1;
					};
				};
			};
			buildConfigurationList = 3774FC672788236F000F8AEB /* Build configuration list for PBXProject "Jat111" */;
			compatibilityVersion = "Xcode 13.0";
			developmentRegion = en;
			hasScannedForEncodings = 0;
			knownRegions = (
				en,
				Base,
			);
			mainGroup = 3774FC632788236F000F8AEB;
			productRefGroup = 3774FC6D2788236F000F8AEB /* Products */;
			projectDirPath = "";
			projectRoot = "";
			targets = (
				3774FC6B2788236F000F8AEB /* Jat111 */,
			);
		};
/* End PBXProject section */

/* Begin PBXResourcesBuildPhase section */
		3774FC6A2788236F000F8AEB /* Resources */ = {
			isa = PBXResourcesBuildPhase;
			buildActionMask = 2147483647;
			files = (
				3774FC7C2788236F000F8AEB /* LaunchScreen.storyboard in Resources */,
				3774FC8E278825D3000F8AEB /* AuthVC.storyboard in Resources */,
				3774FC792788236F000F8AEB /* Assets.xcassets in Resources */,
				3774FC772788236F000F8AEB /* Main.storyboard in Resources */,
			);
			runOnlyForDeploymentPostprocessing = 0;
		};
/* End PBXResourcesBuildPhase section */

/* Begin PBXSourcesBuildPhase section */
		3774FC682788236F000F8AEB /* Sources */ = {
			isa = PBXSourcesBuildPhase;
			buildActionMask = 2147483647;
			files = (
				3774FCAB27882A9D000F8AEB /* UIViewController+Extension.swift in Sources */,
				3774FCD127888BD8000F8AEB /* AuthService.swift in Sources */,
				3774FCA527882A43000F8AEB /* AuthFactory.swift in Sources */,
				3774FCCA27888929000F8AEB /* NetworkResponse.swift in Sources */,
				3774FCAE27882BD3000F8AEB /* Coordinator.swift in Sources */,
				3774FCB227887E55000F8AEB /* AuthVCView.swift in Sources */,
				3774FC742788236F000F8AEB /* BaseVC.swift in Sources */,
				3774FCD427888C0E000F8AEB /* LogIn.swift in Sources */,
				3774FCCD27888B63000F8AEB /* Dependency.swift in Sources */,
				3774FCB527887F16000F8AEB /* Constants.swift in Sources */,
				3774FC702788236F000F8AEB /* AppDelegate.swift in Sources */,
				3774FC9D27882753000F8AEB /* UIView+Extension.swift in Sources */,
				3774FCB82788826B000F8AEB /* AuthPresenter.swift in Sources */,
				3774FCDA27888E14000F8AEB /* AuthResponse.swift in Sources */,
				3774FCA0278828DD000F8AEB /* JTTextField.swift in Sources */,
				3774FCBE278885D3000F8AEB /* String+Extension.swift in Sources */,
				3774FCA827882A75000F8AEB /* AuthVC.swift in Sources */,
				3774FCC227888831000F8AEB /* Network.swift in Sources */,
				3774FCBB27888328000F8AEB /* ViewPresentable.swift in Sources */,
				3774FCC527888844000F8AEB /* NetworkRequest.swift in Sources */,
				3774FC99278826A0000F8AEB /* Font.swift in Sources */,
				3774FCD827888C78000F8AEB /* Codable+Extension.swift in Sources */,
				3774FC722788236F000F8AEB /* SceneDelegate.swift in Sources */,
				3774FC9627882677000F8AEB /* Color.swift in Sources */,
				3774FCA3278829C6000F8AEB /* AuthCoordinator.swift in Sources */,
				3774FC9327882645000F8AEB /* JTButton.swift in Sources */,
				3774FCD627888C3B000F8AEB /* SignUp.swift in Sources */,
			);
			runOnlyForDeploymentPostprocessing = 0;
		};
/* End PBXSourcesBuildPhase section */

/* Begin PBXVariantGroup section */
		3774FC752788236F000F8AEB /* Main.storyboard */ = {
			isa = PBXVariantGroup;
			children = (
				3774FC762788236F000F8AEB /* Base */,
			);
			name = Main.storyboard;
			sourceTree = "<group>";
		};
		3774FC7A2788236F000F8AEB /* LaunchScreen.storyboard */ = {
			isa = PBXVariantGroup;
			children = (
				3774FC7B2788236F000F8AEB /* Base */,
			);
			name = LaunchScreen.storyboard;
			sourceTree = "<group>";
		};
/* End PBXVariantGroup section */

/* Begin XCBuildConfiguration section */
		3774FC7E2788236F000F8AEB /* Debug */ = {
			isa = XCBuildConfiguration;
			buildSettings = {
				ALWAYS_SEARCH_USER_PATHS = NO;
				CLANG_ANALYZER_NONNULL = YES;
				CLANG_ANALYZER_NUMBER_OBJECT_CONVERSION = YES_AGGRESSIVE;
				CLANG_CXX_LANGUAGE_STANDARD = "gnu++17";
				CLANG_CXX_LIBRARY = "libc++";
				CLANG_ENABLE_MODULES = YES;
				CLANG_ENABLE_OBJC_ARC = YES;
				CLANG_ENABLE_OBJC_WEAK = YES;
				CLANG_WARN_BLOCK_CAPTURE_AUTORELEASING = YES;
				CLANG_WARN_BOOL_CONVERSION = YES;
				CLANG_WARN_COMMA = YES;
				CLANG_WARN_CONSTANT_CONVERSION = YES;
				CLANG_WARN_DEPRECATED_OBJC_IMPLEMENTATIONS = YES;
				CLANG_WARN_DIRECT_OBJC_ISA_USAGE = YES_ERROR;
				CLANG_WARN_DOCUMENTATION_COMMENTS = YES;
				CLANG_WARN_EMPTY_BODY = YES;
				CLANG_WARN_ENUM_CONVERSION = YES;
				CLANG_WARN_INFINITE_RECURSION = YES;
				CLANG_WARN_INT_CONVERSION = YES;
				CLANG_WARN_NON_LITERAL_NULL_CONVERSION = YES;
				CLANG_WARN_OBJC_IMPLICIT_RETAIN_SELF = YES;
				CLANG_WARN_OBJC_LITERAL_CONVERSION = YES;
				CLANG_WARN_OBJC_ROOT_CLASS = YES_ERROR;
				CLANG_WARN_QUOTED_INCLUDE_IN_FRAMEWORK_HEADER = YES;
				CLANG_WARN_RANGE_LOOP_ANALYSIS = YES;
				CLANG_WARN_STRICT_PROTOTYPES = YES;
				CLANG_WARN_SUSPICIOUS_MOVE = YES;
				CLANG_WARN_UNGUARDED_AVAILABILITY = YES_AGGRESSIVE;
				CLANG_WARN_UNREACHABLE_CODE = YES;
				CLANG_WARN__DUPLICATE_METHOD_MATCH = YES;
				COPY_PHASE_STRIP = NO;
				DEBUG_INFORMATION_FORMAT = dwarf;
				ENABLE_STRICT_OBJC_MSGSEND = YES;
				ENABLE_TESTABILITY = YES;
				GCC_C_LANGUAGE_STANDARD = gnu11;
				GCC_DYNAMIC_NO_PIC = NO;
				GCC_NO_COMMON_BLOCKS = YES;
				GCC_OPTIMIZATION_LEVEL = 0;
				GCC_PREPROCESSOR_DEFINITIONS = (
					"DEBUG=1",
					"$(inherited)",
				);
				GCC_WARN_64_TO_32_BIT_CONVERSION = YES;
				GCC_WARN_ABOUT_RETURN_TYPE = YES_ERROR;
				GCC_WARN_UNDECLARED_SELECTOR = YES;
				GCC_WARN_UNINITIALIZED_AUTOS = YES_AGGRESSIVE;
				GCC_WARN_UNUSED_FUNCTION = YES;
				GCC_WARN_UNUSED_VARIABLE = YES;
				IPHONEOS_DEPLOYMENT_TARGET = 14;
				MTL_ENABLE_DEBUG_INFO = INCLUDE_SOURCE;
				MTL_FAST_MATH = YES;
				ONLY_ACTIVE_ARCH = YES;
				SDKROOT = iphoneos;
				SWIFT_ACTIVE_COMPILATION_CONDITIONS = DEBUG;
				SWIFT_OPTIMIZATION_LEVEL = "-Onone";
			};
			name = Debug;
		};
		3774FC7F2788236F000F8AEB /* Release */ = {
			isa = XCBuildConfiguration;
			buildSettings = {
				ALWAYS_SEARCH_USER_PATHS = NO;
				CLANG_ANALYZER_NONNULL = YES;
				CLANG_ANALYZER_NUMBER_OBJECT_CONVERSION = YES_AGGRESSIVE;
				CLANG_CXX_LANGUAGE_STANDARD = "gnu++17";
				CLANG_CXX_LIBRARY = "libc++";
				CLANG_ENABLE_MODULES = YES;
				CLANG_ENABLE_OBJC_ARC = YES;
				CLANG_ENABLE_OBJC_WEAK = YES;
				CLANG_WARN_BLOCK_CAPTURE_AUTORELEASING = YES;
				CLANG_WARN_BOOL_CONVERSION = YES;
				CLANG_WARN_COMMA = YES;
				CLANG_WARN_CONSTANT_CONVERSION = YES;
				CLANG_WARN_DEPRECATED_OBJC_IMPLEMENTATIONS = YES;
				CLANG_WARN_DIRECT_OBJC_ISA_USAGE = YES_ERROR;
				CLANG_WARN_DOCUMENTATION_COMMENTS = YES;
				CLANG_WARN_EMPTY_BODY = YES;
				CLANG_WARN_ENUM_CONVERSION = YES;
				CLANG_WARN_INFINITE_RECURSION = YES;
				CLANG_WARN_INT_CONVERSION = YES;
				CLANG_WARN_NON_LITERAL_NULL_CONVERSION = YES;
				CLANG_WARN_OBJC_IMPLICIT_RETAIN_SELF = YES;
				CLANG_WARN_OBJC_LITERAL_CONVERSION = YES;
				CLANG_WARN_OBJC_ROOT_CLASS = YES_ERROR;
				CLANG_WARN_QUOTED_INCLUDE_IN_FRAMEWORK_HEADER = YES;
				CLANG_WARN_RANGE_LOOP_ANALYSIS = YES;
				CLANG_WARN_STRICT_PROTOTYPES = YES;
				CLANG_WARN_SUSPICIOUS_MOVE = YES;
				CLANG_WARN_UNGUARDED_AVAILABILITY = YES_AGGRESSIVE;
				CLANG_WARN_UNREACHABLE_CODE = YES;
				CLANG_WARN__DUPLICATE_METHOD_MATCH = YES;
				COPY_PHASE_STRIP = NO;
				DEBUG_INFORMATION_FORMAT = "dwarf-with-dsym";
				ENABLE_NS_ASSERTIONS = NO;
				ENABLE_STRICT_OBJC_MSGSEND = YES;
				GCC_C_LANGUAGE_STANDARD = gnu11;
				GCC_NO_COMMON_BLOCKS = YES;
				GCC_WARN_64_TO_32_BIT_CONVERSION = YES;
				GCC_WARN_ABOUT_RETURN_TYPE = YES_ERROR;
				GCC_WARN_UNDECLARED_SELECTOR = YES;
				GCC_WARN_UNINITIALIZED_AUTOS = YES_AGGRESSIVE;
				GCC_WARN_UNUSED_FUNCTION = YES;
				GCC_WARN_UNUSED_VARIABLE = YES;
				IPHONEOS_DEPLOYMENT_TARGET = 14;
				MTL_ENABLE_DEBUG_INFO = NO;
				MTL_FAST_MATH = YES;
				SDKROOT = iphoneos;
				SWIFT_COMPILATION_MODE = wholemodule;
				SWIFT_OPTIMIZATION_LEVEL = "-O";
				VALIDATE_PRODUCT = YES;
			};
			name = Release;
		};
		3774FC812788236F000F8AEB /* Debug */ = {
			isa = XCBuildConfiguration;
			buildSettings = {
				ASSETCATALOG_COMPILER_APPICON_NAME = AppIcon;
				ASSETCATALOG_COMPILER_GLOBAL_ACCENT_COLOR_NAME = AccentColor;
				CODE_SIGN_STYLE = Automatic;
				CURRENT_PROJECT_VERSION = 1;
				DEVELOPMENT_TEAM = YFG2MB6B8G;
				GENERATE_INFOPLIST_FILE = YES;
				INFOPLIST_FILE = Jat111/Resources/Info.plist;
				INFOPLIST_KEY_UIApplicationSupportsIndirectInputEvents = YES;
				INFOPLIST_KEY_UILaunchStoryboardName = LaunchScreen;
				INFOPLIST_KEY_UIMainStoryboardFile = Main;
				INFOPLIST_KEY_UISupportedInterfaceOrientations = UIInterfaceOrientationPortrait;
				INFOPLIST_KEY_UISupportedInterfaceOrientations_iPad = "UIInterfaceOrientationPortrait UIInterfaceOrientationPortraitUpsideDown UIInterfaceOrientationLandscapeLeft UIInterfaceOrientationLandscapeRight";
				INFOPLIST_KEY_UISupportedInterfaceOrientations_iPhone = "UIInterfaceOrientationPortrait UIInterfaceOrientationLandscapeLeft UIInterfaceOrientationLandscapeRight";
				IPHONEOS_DEPLOYMENT_TARGET = 14.0;
				LD_RUNPATH_SEARCH_PATHS = (
					"$(inherited)",
					"@executable_path/Frameworks",
				);
				MARKETING_VERSION = 1.0;
				PRODUCT_BUNDLE_IDENTIFIER = com.den444ick.Jat111;
				PRODUCT_NAME = "$(TARGET_NAME)";
				SWIFT_EMIT_LOC_STRINGS = YES;
				SWIFT_VERSION = 5.0;
				TARGETED_DEVICE_FAMILY = 1;
			};
			name = Debug;
		};
		3774FC822788236F000F8AEB /* Release */ = {
			isa = XCBuildConfiguration;
			buildSettings = {
				ASSETCATALOG_COMPILER_APPICON_NAME = AppIcon;
				ASSETCATALOG_COMPILER_GLOBAL_ACCENT_COLOR_NAME = AccentColor;
				CODE_SIGN_STYLE = Automatic;
				CURRENT_PROJECT_VERSION = 1;
				DEVELOPMENT_TEAM = YFG2MB6B8G;
				GENERATE_INFOPLIST_FILE = YES;
				INFOPLIST_FILE = Jat111/Resources/Info.plist;
				INFOPLIST_KEY_UIApplicationSupportsIndirectInputEvents = YES;
				INFOPLIST_KEY_UILaunchStoryboardName = LaunchScreen;
				INFOPLIST_KEY_UIMainStoryboardFile = Main;
				INFOPLIST_KEY_UISupportedInterfaceOrientations = UIInterfaceOrientationPortrait;
				INFOPLIST_KEY_UISupportedInterfaceOrientations_iPad = "UIInterfaceOrientationPortrait UIInterfaceOrientationPortraitUpsideDown UIInterfaceOrientationLandscapeLeft UIInterfaceOrientationLandscapeRight";
				INFOPLIST_KEY_UISupportedInterfaceOrientations_iPhone = "UIInterfaceOrientationPortrait UIInterfaceOrientationLandscapeLeft UIInterfaceOrientationLandscapeRight";
				IPHONEOS_DEPLOYMENT_TARGET = 14.0;
				LD_RUNPATH_SEARCH_PATHS = (
					"$(inherited)",
					"@executable_path/Frameworks",
				);
				MARKETING_VERSION = 1.0;
				PRODUCT_BUNDLE_IDENTIFIER = com.den444ick.Jat111;
				PRODUCT_NAME = "$(TARGET_NAME)";
				SWIFT_EMIT_LOC_STRINGS = YES;
				SWIFT_VERSION = 5.0;
				TARGETED_DEVICE_FAMILY = 1;
			};
			name = Release;
		};
/* End XCBuildConfiguration section */

/* Begin XCConfigurationList section */
		3774FC672788236F000F8AEB /* Build configuration list for PBXProject "Jat111" */ = {
			isa = XCConfigurationList;
			buildConfigurations = (
				3774FC7E2788236F000F8AEB /* Debug */,
				3774FC7F2788236F000F8AEB /* Release */,
			);
			defaultConfigurationIsVisible = 0;
			defaultConfigurationName = Release;
		};
		3774FC802788236F000F8AEB /* Build configuration list for PBXNativeTarget "Jat111" */ = {
			isa = XCConfigurationList;
			buildConfigurations = (
				3774FC812788236F000F8AEB /* Debug */,
				3774FC822788236F000F8AEB /* Release */,
			);
			defaultConfigurationIsVisible = 0;
			defaultConfigurationName = Release;
		};
/* End XCConfigurationList section */
	};
	rootObject = 3774FC642788236F000F8AEB /* Project object */;
}
